
Microsoft Visual Studio Solution File, Format Version 12.00
# Visual Studio Version 17
VisualStudioVersion = 17.3.32929.385
MinimumVisualStudioVersion = 10.0.40219.1
Project("{FAE04EC0-301F-11D3-BF4B-00C04F79EFBC}") = "CpmPedidos.Domain", "CpmPedidos.Domain\CpmPedidos.Domain.csproj", "{79511047-E005-4317-85C7-442ACD8A7D8A}"
EndProject
Project("{FAE04EC0-301F-11D3-BF4B-00C04F79EFBC}") = "CpmPedido.Interface", "CpmPedido.interfaces\CpmPedido.Interface.csproj", "{B783AC66-6DC0-42C2-B3F8-FCEDDCE2D8CD}"
EndProject
Project("{FAE04EC0-301F-11D3-BF4B-00C04F79EFBC}") = "CpmPedido.Repository", "CpmPedido.Repository\CpmPedido.Repository.csproj", "{29E7DB6A-7575-4F5D-9901-F1371A15FAC2}"
EndProject
Project("{FAE04EC0-301F-11D3-BF4B-00C04F79EFBC}") = "CpmPedidos.API", "CpmPedidos.API\CpmPedidos.API.csproj", "{116D2443-B677-4946-B46C-8CBDE1919DC9}"
EndProject
Global
	GlobalSection(SolutionConfigurationPlatforms) = preSolution
		Debug|Any CPU = Debug|Any CPU
		Release|Any CPU = Release|Any CPU
	EndGlobalSection
	GlobalSection(ProjectConfigurationPlatforms) = postSolution
		{79511047-E005-4317-85C7-442ACD8A7D8A}.Debug|Any CPU.ActiveCfg = Debug|Any CPU
		{79511047-E005-4317-85C7-442ACD8A7D8A}.Debug|Any CPU.Build.0 = Debug|Any CPU
		{79511047-E005-4317-85C7-442ACD8A7D8A}.Release|Any CPU.ActiveCfg = Release|Any CPU
		{79511047-E005-4317-85C7-442ACD8A7D8A}.Release|Any CPU.Build.0 = Release|Any CPU
		{B783AC66-6DC0-42C2-B3F8-FCEDDCE2D8CD}.Debug|Any CPU.ActiveCfg = Debug|Any CPU
		{B783AC66-6DC0-42C2-B3F8-FCEDDCE2D8CD}.Debug|Any CPU.Build.0 = Debug|Any CPU
		{B783AC66-6DC0-42C2-B3F8-FCEDDCE2D8CD}.Release|Any CPU.ActiveCfg = Release|Any CPU
		{B783AC66-6DC0-42C2-B3F8-FCEDDCE2D8CD}.Release|Any CPU.Build.0 = Release|Any CPU
		{29E7DB6A-7575-4F5D-9901-F1371A15FAC2}.Debug|Any CPU.ActiveCfg = Debug|Any CPU
		{29E7DB6A-7575-4F5D-9901-F1371A15FAC2}.Debug|Any CPU.Build.0 = Debug|Any CPU
		{29E7DB6A-7575-4F5D-9901-F1371A15FAC2}.Release|Any CPU.ActiveCfg = Release|Any CPU
		{29E7DB6A-7575-4F5D-9901-F1371A15FAC2}.Release|Any CPU.Build.0 = Release|Any CPU
		{116D2443-B677-4946-B46C-8CBDE1919DC9}.Debug|Any CPU.ActiveCfg = Debug|Any CPU
		{116D2443-B677-4946-B46C-8CBDE1919DC9}.Debug|Any CPU.Build.0 = Debug|Any CPU
		{116D2443-B677-4946-B46C-8CBDE1919DC9}.Release|Any CPU.ActiveCfg = Release|Any CPU
		{116D2443-B677-4946-B46C-8CBDE1919DC9}.Release|Any CPU.Build.0 = Release|Any CPU
	EndGlobalSection
	GlobalSection(SolutionProperties) = preSolution
		HideSolutionNode = FALSE
	EndGlobalSection
	GlobalSection(ExtensibilityGlobals) = postSolution
		SolutionGuid = {144BEC4B-9818-4473-AFBC-CF18F3DCB569}
	EndGlobalSection
EndGlobal
